
Microsoft Visual Studio Solution File, Format Version 12.00
# Visual Studio Version 17
VisualStudioVersion = 17.0.31903.59
MinimumVisualStudioVersion = 10.0.40219.1
Project("{54A90642-561A-4BB1-A94E-469ADEE60C69}") = "PMS", "PMS\PMS.esproj", "{E4A5443C-979F-482E-9931-9338D6C5AD3C}"
EndProject
Project("{FAE04EC0-301F-11D3-BF4B-00C04F79EFBC}") = "PMS-Server", "PMS-Server\PMS-Server.csproj", "{A4D3955E-9F76-4983-AEB8-BD0E8B573177}"
EndProject
Global
	GlobalSection(SolutionConfigurationPlatforms) = preSolution
		Debug|Any CPU = Debug|Any CPU
		Release|Any CPU = Release|Any CPU
	EndGlobalSection
	GlobalSection(ProjectConfigurationPlatforms) = postSolution
		{E4A5443C-979F-482E-9931-9338D6C5AD3C}.Debug|Any CPU.ActiveCfg = Debug|Any CPU
		{E4A5443C-979F-482E-9931-9338D6C5AD3C}.Debug|Any CPU.Build.0 = Debug|Any CPU
		{E4A5443C-979F-482E-9931-9338D6C5AD3C}.Debug|Any CPU.Deploy.0 = Debug|Any CPU
		{E4A5443C-979F-482E-9931-9338D6C5AD3C}.Release|Any CPU.ActiveCfg = Release|Any CPU
		{E4A5443C-979F-482E-9931-9338D6C5AD3C}.Release|Any CPU.Build.0 = Release|Any CPU
		{E4A5443C-979F-482E-9931-9338D6C5AD3C}.Release|Any CPU.Deploy.0 = Release|Any CPU
		{A4D3955E-9F76-4983-AEB8-BD0E8B573177}.Debug|Any CPU.ActiveCfg = Debug|Any CPU
		{A4D3955E-9F76-4983-AEB8-BD0E8B573177}.Debug|Any CPU.Build.0 = Debug|Any CPU
		{A4D3955E-9F76-4983-AEB8-BD0E8B573177}.Release|Any CPU.ActiveCfg = Release|Any CPU
		{A4D3955E-9F76-4983-AEB8-BD0E8B573177}.Release|Any CPU.Build.0 = Release|Any CPU
	EndGlobalSection
	GlobalSection(SolutionProperties) = preSolution
		HideSolutionNode = FALSE
	EndGlobalSection
	GlobalSection(ExtensibilityGlobals) = postSolution
		SolutionGuid = {E82C3D59-DD16-4204-9716-7B25BB50838F}
	EndGlobalSection
EndGlobal
